
Microsoft Visual Studio Solution File, Format Version 12.00
# Visual Studio Version 17
VisualStudioVersion = 17.4.33122.133
MinimumVisualStudioVersion = 10.0.40219.1
Project("{FAE04EC0-301F-11D3-BF4B-00C04F79EFBC}") = "4.Naming", "Naming\4.Naming.csproj", "{96BA1BD8-D40B-469E-BC6D-91548116A599}"
EndProject
Project("{FAE04EC0-301F-11D3-BF4B-00C04F79EFBC}") = "2.Why-Writing-Clean-Code-Matters", "2-Why-Writing-Clean-Code-Matters\2.Why-Writing-Clean-Code-Matters.csproj", "{8CBA754D-B781-46F4-9F18-B2A84EFCFDB8}"
EndProject
Project("{FAE04EC0-301F-11D3-BF4B-00C04F79EFBC}") = "3.Clean-Coding-Principles", "3.Clean-Coding-Principles\3.Clean-Coding-Principles.csproj", "{D733C667-B5CE-4C0C-BE7B-F9B13DBE545D}"
EndProject
Project("{FAE04EC0-301F-11D3-BF4B-00C04F79EFBC}") = "5.Writing Conditionals That Convey Intent", "5.Writing Conditionals That Convey Intent\5.Writing Conditionals That Convey Intent.csproj", "{C1A3C3DE-5613-44E8-A735-62A1E445C9C3}"
EndProject
Global
	GlobalSection(SolutionConfigurationPlatforms) = preSolution
		Debug|Any CPU = Debug|Any CPU
		Release|Any CPU = Release|Any CPU
	EndGlobalSection
	GlobalSection(ProjectConfigurationPlatforms) = postSolution
		{96BA1BD8-D40B-469E-BC6D-91548116A599}.Debug|Any CPU.ActiveCfg = Debug|Any CPU
		{96BA1BD8-D40B-469E-BC6D-91548116A599}.Debug|Any CPU.Build.0 = Debug|Any CPU
		{96BA1BD8-D40B-469E-BC6D-91548116A599}.Release|Any CPU.ActiveCfg = Release|Any CPU
		{96BA1BD8-D40B-469E-BC6D-91548116A599}.Release|Any CPU.Build.0 = Release|Any CPU
		{8CBA754D-B781-46F4-9F18-B2A84EFCFDB8}.Debug|Any CPU.ActiveCfg = Debug|Any CPU
		{8CBA754D-B781-46F4-9F18-B2A84EFCFDB8}.Debug|Any CPU.Build.0 = Debug|Any CPU
		{8CBA754D-B781-46F4-9F18-B2A84EFCFDB8}.Release|Any CPU.ActiveCfg = Release|Any CPU
		{8CBA754D-B781-46F4-9F18-B2A84EFCFDB8}.Release|Any CPU.Build.0 = Release|Any CPU
		{D733C667-B5CE-4C0C-BE7B-F9B13DBE545D}.Debug|Any CPU.ActiveCfg = Debug|Any CPU
		{D733C667-B5CE-4C0C-BE7B-F9B13DBE545D}.Debug|Any CPU.Build.0 = Debug|Any CPU
		{D733C667-B5CE-4C0C-BE7B-F9B13DBE545D}.Release|Any CPU.ActiveCfg = Release|Any CPU
		{D733C667-B5CE-4C0C-BE7B-F9B13DBE545D}.Release|Any CPU.Build.0 = Release|Any CPU
		{C1A3C3DE-5613-44E8-A735-62A1E445C9C3}.Debug|Any CPU.ActiveCfg = Debug|Any CPU
		{C1A3C3DE-5613-44E8-A735-62A1E445C9C3}.Debug|Any CPU.Build.0 = Debug|Any CPU
		{C1A3C3DE-5613-44E8-A735-62A1E445C9C3}.Release|Any CPU.ActiveCfg = Release|Any CPU
		{C1A3C3DE-5613-44E8-A735-62A1E445C9C3}.Release|Any CPU.Build.0 = Release|Any CPU
	EndGlobalSection
	GlobalSection(SolutionProperties) = preSolution
		HideSolutionNode = FALSE
	EndGlobalSection
	GlobalSection(ExtensibilityGlobals) = postSolution
		SolutionGuid = {BBF1D8FC-0EB1-421D-9719-8467E37D6154}
	EndGlobalSection
EndGlobal
